// !$*UTF8*$!
{
	archiveVersion = 1;
	classes = {
	};
	objectVersion = 55;
	objects = {

/* Begin PBXBuildFile section */
		3B396CE828B9568D00A99EB6 /* AppDelegate.swift in Sources */ = {isa = PBXBuildFile; fileRef = 3B396CE728B9568D00A99EB6 /* AppDelegate.swift */; };
		3B396CEA28B9568D00A99EB6 /* SceneDelegate.swift in Sources */ = {isa = PBXBuildFile; fileRef = 3B396CE928B9568D00A99EB6 /* SceneDelegate.swift */; };
		3B396CEC28B9568D00A99EB6 /* ViewController.swift in Sources */ = {isa = PBXBuildFile; fileRef = 3B396CEB28B9568D00A99EB6 /* ViewController.swift */; };
		3B396CF128B9568E00A99EB6 /* Assets.xcassets in Resources */ = {isa = PBXBuildFile; fileRef = 3B396CF028B9568E00A99EB6 /* Assets.xcassets */; };
		3B396CF428B9568E00A99EB6 /* LaunchScreen.storyboard in Resources */ = {isa = PBXBuildFile; fileRef = 3B396CF228B9568E00A99EB6 /* LaunchScreen.storyboard */; };
		3B396D0928B9568E00A99EB6 /* RickAndMortyUIKitUITests.swift in Sources */ = {isa = PBXBuildFile; fileRef = 3B396D0828B9568E00A99EB6 /* RickAndMortyUIKitUITests.swift */; };
		3B396D0B28B9568E00A99EB6 /* RickAndMortyUIKitUITestsLaunchTests.swift in Sources */ = {isa = PBXBuildFile; fileRef = 3B396D0A28B9568E00A99EB6 /* RickAndMortyUIKitUITestsLaunchTests.swift */; };
		3B396D1828B9583100A99EB6 /* CharacterService.swift in Sources */ = {isa = PBXBuildFile; fileRef = 3B396D1728B9583100A99EB6 /* CharacterService.swift */; };
		3B396D1A28B9587900A99EB6 /* RAMCharacter.swift in Sources */ = {isa = PBXBuildFile; fileRef = 3B396D1928B9587900A99EB6 /* RAMCharacter.swift */; };
		3B396D2128B95E6100A99EB6 /* Errors.swift in Sources */ = {isa = PBXBuildFile; fileRef = 3B396D2028B95E6100A99EB6 /* Errors.swift */; };
		3B396D2628B9672100A99EB6 /* ResponseCodable.swift in Sources */ = {isa = PBXBuildFile; fileRef = 3B396D2528B9672100A99EB6 /* ResponseCodable.swift */; };
		3B8DB0112901EE030019932F /* Service.swift in Sources */ = {isa = PBXBuildFile; fileRef = 3B8DB0102901EE030019932F /* Service.swift */; };
		3BA7047D2902F55200B88E03 /* ServiceMethod.swift in Sources */ = {isa = PBXBuildFile; fileRef = 3BA7047C2902F55200B88E03 /* ServiceMethod.swift */; };
		3BA7047F2902F78E00B88E03 /* ServiceTests.swift in Sources */ = {isa = PBXBuildFile; fileRef = 3BA7047E2902F78E00B88E03 /* ServiceTests.swift */; };
		3BA704832903251000B88E03 /* RAMCharacterTests.swift in Sources */ = {isa = PBXBuildFile; fileRef = 3BA704822903251000B88E03 /* RAMCharacterTests.swift */; };
		3BA704862903284500B88E03 /* URLSession+Async.swift in Sources */ = {isa = PBXBuildFile; fileRef = 3BA704852903284500B88E03 /* URLSession+Async.swift */; };
		3BA70489290329B800B88E03 /* APIClient.swift in Sources */ = {isa = PBXBuildFile; fileRef = 3BA70488290329B800B88E03 /* APIClient.swift */; };
		3BA7048C290330D800B88E03 /* Array+Extensions.swift in Sources */ = {isa = PBXBuildFile; fileRef = 3BA7048B290330D800B88E03 /* Array+Extensions.swift */; };
		3BA7048F290337A800B88E03 /* ThumbnailImageActor.swift in Sources */ = {isa = PBXBuildFile; fileRef = 3BA7048E290337A800B88E03 /* ThumbnailImageActor.swift */; };
		3BA7049229033B1200B88E03 /* AsyncImageView.swift in Sources */ = {isa = PBXBuildFile; fileRef = 3BA7049129033B1200B88E03 /* AsyncImageView.swift */; };
		3BA7049729071D6900B88E03 /* SnapKit in Frameworks */ = {isa = PBXBuildFile; productRef = 3BA7049629071D6900B88E03 /* SnapKit */; };
		3BA7049B2907255C00B88E03 /* Interactor.swift in Sources */ = {isa = PBXBuildFile; fileRef = 3BA7049A2907255C00B88E03 /* Interactor.swift */; };
		3BC68A7029073102007BAEDF /* RAMLocation.swift in Sources */ = {isa = PBXBuildFile; fileRef = 3BC68A6F29073102007BAEDF /* RAMLocation.swift */; };
		3BC68A72290731FA007BAEDF /* LocationService.swift in Sources */ = {isa = PBXBuildFile; fileRef = 3BC68A71290731FA007BAEDF /* LocationService.swift */; };
/* End PBXBuildFile section */

/* Begin PBXContainerItemProxy section */
		3B396CFB28B9568E00A99EB6 /* PBXContainerItemProxy */ = {
			isa = PBXContainerItemProxy;
			containerPortal = 3B396CDC28B9568D00A99EB6 /* Project object */;
			proxyType = 1;
			remoteGlobalIDString = 3B396CE328B9568D00A99EB6;
			remoteInfo = RickAndMortyUIKit;
		};
		3B396D0528B9568E00A99EB6 /* PBXContainerItemProxy */ = {
			isa = PBXContainerItemProxy;
			containerPortal = 3B396CDC28B9568D00A99EB6 /* Project object */;
			proxyType = 1;
			remoteGlobalIDString = 3B396CE328B9568D00A99EB6;
			remoteInfo = RickAndMortyUIKit;
		};
/* End PBXContainerItemProxy section */

/* Begin PBXFileReference section */
		3B396CE428B9568D00A99EB6 /* RickAndMortyUIKit.app */ = {isa = PBXFileReference; explicitFileType = wrapper.application; includeInIndex = 0; path = RickAndMortyUIKit.app; sourceTree = BUILT_PRODUCTS_DIR; };
		3B396CE728B9568D00A99EB6 /* AppDelegate.swift */ = {isa = PBXFileReference; lastKnownFileType = sourcecode.swift; path = AppDelegate.swift; sourceTree = "<group>"; };
		3B396CE928B9568D00A99EB6 /* SceneDelegate.swift */ = {isa = PBXFileReference; lastKnownFileType = sourcecode.swift; path = SceneDelegate.swift; sourceTree = "<group>"; };
		3B396CEB28B9568D00A99EB6 /* ViewController.swift */ = {isa = PBXFileReference; lastKnownFileType = sourcecode.swift; path = ViewController.swift; sourceTree = "<group>"; };
		3B396CF028B9568E00A99EB6 /* Assets.xcassets */ = {isa = PBXFileReference; lastKnownFileType = folder.assetcatalog; path = Assets.xcassets; sourceTree = "<group>"; };
		3B396CF328B9568E00A99EB6 /* Base */ = {isa = PBXFileReference; lastKnownFileType = file.storyboard; name = Base; path = Base.lproj/LaunchScreen.storyboard; sourceTree = "<group>"; };
		3B396CF528B9568E00A99EB6 /* Info.plist */ = {isa = PBXFileReference; lastKnownFileType = text.plist.xml; path = Info.plist; sourceTree = "<group>"; };
		3B396CFA28B9568E00A99EB6 /* RickAndMortyUIKitTests.xctest */ = {isa = PBXFileReference; explicitFileType = wrapper.cfbundle; includeInIndex = 0; path = RickAndMortyUIKitTests.xctest; sourceTree = BUILT_PRODUCTS_DIR; };
		3B396D0428B9568E00A99EB6 /* RickAndMortyUIKitUITests.xctest */ = {isa = PBXFileReference; explicitFileType = wrapper.cfbundle; includeInIndex = 0; path = RickAndMortyUIKitUITests.xctest; sourceTree = BUILT_PRODUCTS_DIR; };
		3B396D0828B9568E00A99EB6 /* RickAndMortyUIKitUITests.swift */ = {isa = PBXFileReference; lastKnownFileType = sourcecode.swift; path = RickAndMortyUIKitUITests.swift; sourceTree = "<group>"; };
		3B396D0A28B9568E00A99EB6 /* RickAndMortyUIKitUITestsLaunchTests.swift */ = {isa = PBXFileReference; lastKnownFileType = sourcecode.swift; path = RickAndMortyUIKitUITestsLaunchTests.swift; sourceTree = "<group>"; };
		3B396D1728B9583100A99EB6 /* CharacterService.swift */ = {isa = PBXFileReference; lastKnownFileType = sourcecode.swift; path = CharacterService.swift; sourceTree = "<group>"; };
		3B396D1928B9587900A99EB6 /* RAMCharacter.swift */ = {isa = PBXFileReference; lastKnownFileType = sourcecode.swift; path = RAMCharacter.swift; sourceTree = "<group>"; };
		3B396D2028B95E6100A99EB6 /* Errors.swift */ = {isa = PBXFileReference; lastKnownFileType = sourcecode.swift; path = Errors.swift; sourceTree = "<group>"; };
		3B396D2528B9672100A99EB6 /* ResponseCodable.swift */ = {isa = PBXFileReference; lastKnownFileType = sourcecode.swift; path = ResponseCodable.swift; sourceTree = "<group>"; };
		3B8DB0102901EE030019932F /* Service.swift */ = {isa = PBXFileReference; lastKnownFileType = sourcecode.swift; path = Service.swift; sourceTree = "<group>"; };
		3BA7047C2902F55200B88E03 /* ServiceMethod.swift */ = {isa = PBXFileReference; lastKnownFileType = sourcecode.swift; path = ServiceMethod.swift; sourceTree = "<group>"; };
		3BA7047E2902F78E00B88E03 /* ServiceTests.swift */ = {isa = PBXFileReference; lastKnownFileType = sourcecode.swift; path = ServiceTests.swift; sourceTree = "<group>"; };
		3BA704822903251000B88E03 /* RAMCharacterTests.swift */ = {isa = PBXFileReference; lastKnownFileType = sourcecode.swift; path = RAMCharacterTests.swift; sourceTree = "<group>"; };
		3BA704852903284500B88E03 /* URLSession+Async.swift */ = {isa = PBXFileReference; lastKnownFileType = sourcecode.swift; path = "URLSession+Async.swift"; sourceTree = "<group>"; };
		3BA70488290329B800B88E03 /* APIClient.swift */ = {isa = PBXFileReference; lastKnownFileType = sourcecode.swift; path = APIClient.swift; sourceTree = "<group>"; };
		3BA7048B290330D800B88E03 /* Array+Extensions.swift */ = {isa = PBXFileReference; lastKnownFileType = sourcecode.swift; path = "Array+Extensions.swift"; sourceTree = "<group>"; };
		3BA7048E290337A800B88E03 /* ThumbnailImageActor.swift */ = {isa = PBXFileReference; lastKnownFileType = sourcecode.swift; path = ThumbnailImageActor.swift; sourceTree = "<group>"; };
		3BA7049129033B1200B88E03 /* AsyncImageView.swift */ = {isa = PBXFileReference; lastKnownFileType = sourcecode.swift; path = AsyncImageView.swift; sourceTree = "<group>"; };
		3BA7049A2907255C00B88E03 /* Interactor.swift */ = {isa = PBXFileReference; lastKnownFileType = sourcecode.swift; path = Interactor.swift; sourceTree = "<group>"; };
		3BC68A6F29073102007BAEDF /* RAMLocation.swift */ = {isa = PBXFileReference; lastKnownFileType = sourcecode.swift; path = RAMLocation.swift; sourceTree = "<group>"; };
		3BC68A71290731FA007BAEDF /* LocationService.swift */ = {isa = PBXFileReference; lastKnownFileType = sourcecode.swift; path = LocationService.swift; sourceTree = "<group>"; };
/* End PBXFileReference section */

/* Begin PBXFrameworksBuildPhase section */
		3B396CE128B9568D00A99EB6 /* Frameworks */ = {
			isa = PBXFrameworksBuildPhase;
			buildActionMask = 2147483647;
			files = (
				3BA7049729071D6900B88E03 /* SnapKit in Frameworks */,
			);
			runOnlyForDeploymentPostprocessing = 0;
		};
		3B396CF728B9568E00A99EB6 /* Frameworks */ = {
			isa = PBXFrameworksBuildPhase;
			buildActionMask = 2147483647;
			files = (
			);
			runOnlyForDeploymentPostprocessing = 0;
		};
		3B396D0128B9568E00A99EB6 /* Frameworks */ = {
			isa = PBXFrameworksBuildPhase;
			buildActionMask = 2147483647;
			files = (
			);
			runOnlyForDeploymentPostprocessing = 0;
		};
/* End PBXFrameworksBuildPhase section */

/* Begin PBXGroup section */
		3B396CDB28B9568D00A99EB6 = {
			isa = PBXGroup;
			children = (
				3B396CE628B9568D00A99EB6 /* RickAndMortyUIKit */,
				3B396CFD28B9568E00A99EB6 /* RickAndMortyUIKitTests */,
				3B396D0728B9568E00A99EB6 /* RickAndMortyUIKitUITests */,
				3B396CE528B9568D00A99EB6 /* Products */,
			);
			sourceTree = "<group>";
		};
		3B396CE528B9568D00A99EB6 /* Products */ = {
			isa = PBXGroup;
			children = (
				3B396CE428B9568D00A99EB6 /* RickAndMortyUIKit.app */,
				3B396CFA28B9568E00A99EB6 /* RickAndMortyUIKitTests.xctest */,
				3B396D0428B9568E00A99EB6 /* RickAndMortyUIKitUITests.xctest */,
			);
			name = Products;
			sourceTree = "<group>";
		};
		3B396CE628B9568D00A99EB6 /* RickAndMortyUIKit */ = {
			isa = PBXGroup;
			children = (
				3BA7048D2903379500B88E03 /* Actors */,
				3BA70487290329B100B88E03 /* API */,
				3BA704842903283800B88E03 /* Extensions */,
				3B396D2428B9671600A99EB6 /* Protocols */,
				3B396D1F28B95E4800A99EB6 /* Errors */,
				3B396D1C28B958CB00A99EB6 /* Models */,
				3B396D1B28B958C200A99EB6 /* Services */,
				3BA7049029033B0400B88E03 /* Views */,
				3B396CE728B9568D00A99EB6 /* AppDelegate.swift */,
				3B396CE928B9568D00A99EB6 /* SceneDelegate.swift */,
				3B396CEB28B9568D00A99EB6 /* ViewController.swift */,
				3BA7049A2907255C00B88E03 /* Interactor.swift */,
				3B396CF028B9568E00A99EB6 /* Assets.xcassets */,
				3B396CF228B9568E00A99EB6 /* LaunchScreen.storyboard */,
				3B396CF528B9568E00A99EB6 /* Info.plist */,
			);
			path = RickAndMortyUIKit;
			sourceTree = "<group>";
		};
		3B396CFD28B9568E00A99EB6 /* RickAndMortyUIKitTests */ = {
			isa = PBXGroup;
			children = (
				3BA70481290324FC00B88E03 /* ResponseCodableModels */,
				3BA70480290324D500B88E03 /* Service */,
			);
			path = RickAndMortyUIKitTests;
			sourceTree = "<group>";
		};
		3B396D0728B9568E00A99EB6 /* RickAndMortyUIKitUITests */ = {
			isa = PBXGroup;
			children = (
				3B396D0828B9568E00A99EB6 /* RickAndMortyUIKitUITests.swift */,
				3B396D0A28B9568E00A99EB6 /* RickAndMortyUIKitUITestsLaunchTests.swift */,
			);
			path = RickAndMortyUIKitUITests;
			sourceTree = "<group>";
		};
		3B396D1B28B958C200A99EB6 /* Services */ = {
			isa = PBXGroup;
			children = (
				3B396D1728B9583100A99EB6 /* CharacterService.swift */,
				3BC68A71290731FA007BAEDF /* LocationService.swift */,
			);
			path = Services;
			sourceTree = "<group>";
		};
		3B396D1C28B958CB00A99EB6 /* Models */ = {
			isa = PBXGroup;
			children = (
				3B396D1928B9587900A99EB6 /* RAMCharacter.swift */,
				3BC68A6F29073102007BAEDF /* RAMLocation.swift */,
			);
			path = Models;
			sourceTree = "<group>";
		};
		3B396D1F28B95E4800A99EB6 /* Errors */ = {
			isa = PBXGroup;
			children = (
				3B396D2028B95E6100A99EB6 /* Errors.swift */,
			);
			path = Errors;
			sourceTree = "<group>";
		};
		3B396D2428B9671600A99EB6 /* Protocols */ = {
			isa = PBXGroup;
			children = (
				3B396D2528B9672100A99EB6 /* ResponseCodable.swift */,
				3B8DB0102901EE030019932F /* Service.swift */,
				3BA7047C2902F55200B88E03 /* ServiceMethod.swift */,
			);
			path = Protocols;
			sourceTree = "<group>";
		};
		3BA70480290324D500B88E03 /* Service */ = {
			isa = PBXGroup;
			children = (
				3BA7047E2902F78E00B88E03 /* ServiceTests.swift */,
			);
			path = Service;
			sourceTree = "<group>";
		};
		3BA70481290324FC00B88E03 /* ResponseCodableModels */ = {
			isa = PBXGroup;
			children = (
				3BA704822903251000B88E03 /* RAMCharacterTests.swift */,
			);
			path = ResponseCodableModels;
			sourceTree = "<group>";
		};
		3BA704842903283800B88E03 /* Extensions */ = {
			isa = PBXGroup;
			children = (
				3BA704852903284500B88E03 /* URLSession+Async.swift */,
				3BA7048B290330D800B88E03 /* Array+Extensions.swift */,
			);
			path = Extensions;
			sourceTree = "<group>";
		};
		3BA70487290329B100B88E03 /* API */ = {
			isa = PBXGroup;
			children = (
				3BA70488290329B800B88E03 /* APIClient.swift */,
			);
			path = API;
			sourceTree = "<group>";
		};
		3BA7048D2903379500B88E03 /* Actors */ = {
			isa = PBXGroup;
			children = (
				3BA7048E290337A800B88E03 /* ThumbnailImageActor.swift */,
			);
			path = Actors;
			sourceTree = "<group>";
		};
		3BA7049029033B0400B88E03 /* Views */ = {
			isa = PBXGroup;
			children = (
				3BA7049129033B1200B88E03 /* AsyncImageView.swift */,
			);
			path = Views;
			sourceTree = "<group>";
		};
/* End PBXGroup section */

/* Begin PBXNativeTarget section */
		3B396CE328B9568D00A99EB6 /* RickAndMortyUIKit */ = {
			isa = PBXNativeTarget;
			buildConfigurationList = 3B396D0E28B9568E00A99EB6 /* Build configuration list for PBXNativeTarget "RickAndMortyUIKit" */;
			buildPhases = (
				3B396CE028B9568D00A99EB6 /* Sources */,
				3B396CE128B9568D00A99EB6 /* Frameworks */,
				3B396CE228B9568D00A99EB6 /* Resources */,
			);
			buildRules = (
			);
			dependencies = (
			);
			name = RickAndMortyUIKit;
			packageProductDependencies = (
				3BA7049629071D6900B88E03 /* SnapKit */,
			);
			productName = RickAndMortyUIKit;
			productReference = 3B396CE428B9568D00A99EB6 /* RickAndMortyUIKit.app */;
			productType = "com.apple.product-type.application";
		};
		3B396CF928B9568E00A99EB6 /* RickAndMortyUIKitTests */ = {
			isa = PBXNativeTarget;
			buildConfigurationList = 3B396D1128B9568E00A99EB6 /* Build configuration list for PBXNativeTarget "RickAndMortyUIKitTests" */;
			buildPhases = (
				3B396CF628B9568E00A99EB6 /* Sources */,
				3B396CF728B9568E00A99EB6 /* Frameworks */,
				3B396CF828B9568E00A99EB6 /* Resources */,
			);
			buildRules = (
			);
			dependencies = (
				3B396CFC28B9568E00A99EB6 /* PBXTargetDependency */,
			);
			name = RickAndMortyUIKitTests;
			productName = RickAndMortyUIKitTests;
			productReference = 3B396CFA28B9568E00A99EB6 /* RickAndMortyUIKitTests.xctest */;
			productType = "com.apple.product-type.bundle.unit-test";
		};
		3B396D0328B9568E00A99EB6 /* RickAndMortyUIKitUITests */ = {
			isa = PBXNativeTarget;
			buildConfigurationList = 3B396D1428B9568E00A99EB6 /* Build configuration list for PBXNativeTarget "RickAndMortyUIKitUITests" */;
			buildPhases = (
				3B396D0028B9568E00A99EB6 /* Sources */,
				3B396D0128B9568E00A99EB6 /* Frameworks */,
				3B396D0228B9568E00A99EB6 /* Resources */,
			);
			buildRules = (
			);
			dependencies = (
				3B396D0628B9568E00A99EB6 /* PBXTargetDependency */,
			);
			name = RickAndMortyUIKitUITests;
			productName = RickAndMortyUIKitUITests;
			productReference = 3B396D0428B9568E00A99EB6 /* RickAndMortyUIKitUITests.xctest */;
			productType = "com.apple.product-type.bundle.ui-testing";
		};
/* End PBXNativeTarget section */

/* Begin PBXProject section */
		3B396CDC28B9568D00A99EB6 /* Project object */ = {
			isa = PBXProject;
			attributes = {
				BuildIndependentTargetsInParallel = 1;
				LastSwiftUpdateCheck = 1340;
				LastUpgradeCheck = 1340;
				TargetAttributes = {
					3B396CE328B9568D00A99EB6 = {
						CreatedOnToolsVersion = 13.4.1;
					};
					3B396CF928B9568E00A99EB6 = {
						CreatedOnToolsVersion = 13.4.1;
						TestTargetID = 3B396CE328B9568D00A99EB6;
					};
					3B396D0328B9568E00A99EB6 = {
						CreatedOnToolsVersion = 13.4.1;
						TestTargetID = 3B396CE328B9568D00A99EB6;
					};
				};
			};
			buildConfigurationList = 3B396CDF28B9568D00A99EB6 /* Build configuration list for PBXProject "RickAndMortyUIKit" */;
			compatibilityVersion = "Xcode 13.0";
			developmentRegion = en;
			hasScannedForEncodings = 0;
			knownRegions = (
				en,
				Base,
			);
			mainGroup = 3B396CDB28B9568D00A99EB6;
			packageReferences = (
				3BA7049529071D6900B88E03 /* XCRemoteSwiftPackageReference "SnapKit" */,
			);
			productRefGroup = 3B396CE528B9568D00A99EB6 /* Products */;
			projectDirPath = "";
			projectRoot = "";
			targets = (
				3B396CE328B9568D00A99EB6 /* RickAndMortyUIKit */,
				3B396CF928B9568E00A99EB6 /* RickAndMortyUIKitTests */,
				3B396D0328B9568E00A99EB6 /* RickAndMortyUIKitUITests */,
			);
		};
/* End PBXProject section */

/* Begin PBXResourcesBuildPhase section */
		3B396CE228B9568D00A99EB6 /* Resources */ = {
			isa = PBXResourcesBuildPhase;
			buildActionMask = 2147483647;
			files = (
				3B396CF428B9568E00A99EB6 /* LaunchScreen.storyboard in Resources */,
				3B396CF128B9568E00A99EB6 /* Assets.xcassets in Resources */,
			);
			runOnlyForDeploymentPostprocessing = 0;
		};
		3B396CF828B9568E00A99EB6 /* Resources */ = {
			isa = PBXResourcesBuildPhase;
			buildActionMask = 2147483647;
			files = (
			);
			runOnlyForDeploymentPostprocessing = 0;
		};
		3B396D0228B9568E00A99EB6 /* Resources */ = {
			isa = PBXResourcesBuildPhase;
			buildActionMask = 2147483647;
			files = (
			);
			runOnlyForDeploymentPostprocessing = 0;
		};
/* End PBXResourcesBuildPhase section */

/* Begin PBXSourcesBuildPhase section */
		3B396CE028B9568D00A99EB6 /* Sources */ = {
			isa = PBXSourcesBuildPhase;
			buildActionMask = 2147483647;
			files = (
				3BA7048F290337A800B88E03 /* ThumbnailImageActor.swift in Sources */,
				3BA7047D2902F55200B88E03 /* ServiceMethod.swift in Sources */,
				3B396CEC28B9568D00A99EB6 /* ViewController.swift in Sources */,
				3B8DB0112901EE030019932F /* Service.swift in Sources */,
				3B396D1A28B9587900A99EB6 /* RAMCharacter.swift in Sources */,
				3BC68A7029073102007BAEDF /* RAMLocation.swift in Sources */,
				3B396CE828B9568D00A99EB6 /* AppDelegate.swift in Sources */,
				3BA70489290329B800B88E03 /* APIClient.swift in Sources */,
				3B396D2628B9672100A99EB6 /* ResponseCodable.swift in Sources */,
				3BA7048C290330D800B88E03 /* Array+Extensions.swift in Sources */,
				3B396CEA28B9568D00A99EB6 /* SceneDelegate.swift in Sources */,
				3BA704862903284500B88E03 /* URLSession+Async.swift in Sources */,
				3B396D1828B9583100A99EB6 /* CharacterService.swift in Sources */,
				3BA7049B2907255C00B88E03 /* Interactor.swift in Sources */,
				3B396D2128B95E6100A99EB6 /* Errors.swift in Sources */,
				3BC68A72290731FA007BAEDF /* LocationService.swift in Sources */,
				3BA7049229033B1200B88E03 /* AsyncImageView.swift in Sources */,
			);
			runOnlyForDeploymentPostprocessing = 0;
		};
		3B396CF628B9568E00A99EB6 /* Sources */ = {
			isa = PBXSourcesBuildPhase;
			buildActionMask = 2147483647;
			files = (
				3BA7047F2902F78E00B88E03 /* ServiceTests.swift in Sources */,
				3BA704832903251000B88E03 /* RAMCharacterTests.swift in Sources */,
			);
			runOnlyForDeploymentPostprocessing = 0;
		};
		3B396D0028B9568E00A99EB6 /* Sources */ = {
			isa = PBXSourcesBuildPhase;
			buildActionMask = 2147483647;
			files = (
				3B396D0B28B9568E00A99EB6 /* RickAndMortyUIKitUITestsLaunchTests.swift in Sources */,
				3B396D0928B9568E00A99EB6 /* RickAndMortyUIKitUITests.swift in Sources */,
			);
			runOnlyForDeploymentPostprocessing = 0;
		};
/* End PBXSourcesBuildPhase section */

/* Begin PBXTargetDependency section */
		3B396CFC28B9568E00A99EB6 /* PBXTargetDependency */ = {
			isa = PBXTargetDependency;
			target = 3B396CE328B9568D00A99EB6 /* RickAndMortyUIKit */;
			targetProxy = 3B396CFB28B9568E00A99EB6 /* PBXContainerItemProxy */;
		};
		3B396D0628B9568E00A99EB6 /* PBXTargetDependency */ = {
			isa = PBXTargetDependency;
			target = 3B396CE328B9568D00A99EB6 /* RickAndMortyUIKit */;
			targetProxy = 3B396D0528B9568E00A99EB6 /* PBXContainerItemProxy */;
		};
/* End PBXTargetDependency section */

/* Begin PBXVariantGroup section */
		3B396CF228B9568E00A99EB6 /* LaunchScreen.storyboard */ = {
			isa = PBXVariantGroup;
			children = (
				3B396CF328B9568E00A99EB6 /* Base */,
			);
			name = LaunchScreen.storyboard;
			sourceTree = "<group>";
		};
/* End PBXVariantGroup section */

/* Begin XCBuildConfiguration section */
		3B396D0C28B9568E00A99EB6 /* Debug */ = {
			isa = XCBuildConfiguration;
			buildSettings = {
				ALWAYS_SEARCH_USER_PATHS = NO;
				CLANG_ANALYZER_NONNULL = YES;
				CLANG_ANALYZER_NUMBER_OBJECT_CONVERSION = YES_AGGRESSIVE;
				CLANG_CXX_LANGUAGE_STANDARD = "gnu++17";
				CLANG_ENABLE_MODULES = YES;
				CLANG_ENABLE_OBJC_ARC = YES;
				CLANG_ENABLE_OBJC_WEAK = YES;
				CLANG_WARN_BLOCK_CAPTURE_AUTORELEASING = YES;
				CLANG_WARN_BOOL_CONVERSION = YES;
				CLANG_WARN_COMMA = YES;
				CLANG_WARN_CONSTANT_CONVERSION = YES;
				CLANG_WARN_DEPRECATED_OBJC_IMPLEMENTATIONS = YES;
				CLANG_WARN_DIRECT_OBJC_ISA_USAGE = YES_ERROR;
				CLANG_WARN_DOCUMENTATION_COMMENTS = YES;
				CLANG_WARN_EMPTY_BODY = YES;
				CLANG_WARN_ENUM_CONVERSION = YES;
				CLANG_WARN_INFINITE_RECURSION = YES;
				CLANG_WARN_INT_CONVERSION = YES;
				CLANG_WARN_NON_LITERAL_NULL_CONVERSION = YES;
				CLANG_WARN_OBJC_IMPLICIT_RETAIN_SELF = YES;
				CLANG_WARN_OBJC_LITERAL_CONVERSION = YES;
				CLANG_WARN_OBJC_ROOT_CLASS = YES_ERROR;
				CLANG_WARN_QUOTED_INCLUDE_IN_FRAMEWORK_HEADER = YES;
				CLANG_WARN_RANGE_LOOP_ANALYSIS = YES;
				CLANG_WARN_STRICT_PROTOTYPES = YES;
				CLANG_WARN_SUSPICIOUS_MOVE = YES;
				CLANG_WARN_UNGUARDED_AVAILABILITY = YES_AGGRESSIVE;
				CLANG_WARN_UNREACHABLE_CODE = YES;
				CLANG_WARN__DUPLICATE_METHOD_MATCH = YES;
				COPY_PHASE_STRIP = NO;
				DEBUG_INFORMATION_FORMAT = dwarf;
				ENABLE_STRICT_OBJC_MSGSEND = YES;
				ENABLE_TESTABILITY = YES;
				GCC_C_LANGUAGE_STANDARD = gnu11;
				GCC_DYNAMIC_NO_PIC = NO;
				GCC_NO_COMMON_BLOCKS = YES;
				GCC_OPTIMIZATION_LEVEL = 0;
				GCC_PREPROCESSOR_DEFINITIONS = (
					"DEBUG=1",
					"$(inherited)",
				);
				GCC_WARN_64_TO_32_BIT_CONVERSION = YES;
				GCC_WARN_ABOUT_RETURN_TYPE = YES_ERROR;
				GCC_WARN_UNDECLARED_SELECTOR = YES;
				GCC_WARN_UNINITIALIZED_AUTOS = YES_AGGRESSIVE;
				GCC_WARN_UNUSED_FUNCTION = YES;
				GCC_WARN_UNUSED_VARIABLE = YES;
				IPHONEOS_DEPLOYMENT_TARGET = 15.5;
				MTL_ENABLE_DEBUG_INFO = INCLUDE_SOURCE;
				MTL_FAST_MATH = YES;
				ONLY_ACTIVE_ARCH = YES;
				SDKROOT = iphoneos;
				SWIFT_ACTIVE_COMPILATION_CONDITIONS = DEBUG;
				SWIFT_OPTIMIZATION_LEVEL = "-Onone";
			};
			name = Debug;
		};
		3B396D0D28B9568E00A99EB6 /* Release */ = {
			isa = XCBuildConfiguration;
			buildSettings = {
				ALWAYS_SEARCH_USER_PATHS = NO;
				CLANG_ANALYZER_NONNULL = YES;
				CLANG_ANALYZER_NUMBER_OBJECT_CONVERSION = YES_AGGRESSIVE;
				CLANG_CXX_LANGUAGE_STANDARD = "gnu++17";
				CLANG_ENABLE_MODULES = YES;
				CLANG_ENABLE_OBJC_ARC = YES;
				CLANG_ENABLE_OBJC_WEAK = YES;
				CLANG_WARN_BLOCK_CAPTURE_AUTORELEASING = YES;
				CLANG_WARN_BOOL_CONVERSION = YES;
				CLANG_WARN_COMMA = YES;
				CLANG_WARN_CONSTANT_CONVERSION = YES;
				CLANG_WARN_DEPRECATED_OBJC_IMPLEMENTATIONS = YES;
				CLANG_WARN_DIRECT_OBJC_ISA_USAGE = YES_ERROR;
				CLANG_WARN_DOCUMENTATION_COMMENTS = YES;
				CLANG_WARN_EMPTY_BODY = YES;
				CLANG_WARN_ENUM_CONVERSION = YES;
				CLANG_WARN_INFINITE_RECURSION = YES;
				CLANG_WARN_INT_CONVERSION = YES;
				CLANG_WARN_NON_LITERAL_NULL_CONVERSION = YES;
				CLANG_WARN_OBJC_IMPLICIT_RETAIN_SELF = YES;
				CLANG_WARN_OBJC_LITERAL_CONVERSION = YES;
				CLANG_WARN_OBJC_ROOT_CLASS = YES_ERROR;
				CLANG_WARN_QUOTED_INCLUDE_IN_FRAMEWORK_HEADER = YES;
				CLANG_WARN_RANGE_LOOP_ANALYSIS = YES;
				CLANG_WARN_STRICT_PROTOTYPES = YES;
				CLANG_WARN_SUSPICIOUS_MOVE = YES;
				CLANG_WARN_UNGUARDED_AVAILABILITY = YES_AGGRESSIVE;
				CLANG_WARN_UNREACHABLE_CODE = YES;
				CLANG_WARN__DUPLICATE_METHOD_MATCH = YES;
				COPY_PHASE_STRIP = NO;
				DEBUG_INFORMATION_FORMAT = "dwarf-with-dsym";
				ENABLE_NS_ASSERTIONS = NO;
				ENABLE_STRICT_OBJC_MSGSEND = YES;
				GCC_C_LANGUAGE_STANDARD = gnu11;
				GCC_NO_COMMON_BLOCKS = YES;
				GCC_WARN_64_TO_32_BIT_CONVERSION = YES;
				GCC_WARN_ABOUT_RETURN_TYPE = YES_ERROR;
				GCC_WARN_UNDECLARED_SELECTOR = YES;
				GCC_WARN_UNINITIALIZED_AUTOS = YES_AGGRESSIVE;
				GCC_WARN_UNUSED_FUNCTION = YES;
				GCC_WARN_UNUSED_VARIABLE = YES;
				IPHONEOS_DEPLOYMENT_TARGET = 15.5;
				MTL_ENABLE_DEBUG_INFO = NO;
				MTL_FAST_MATH = YES;
				SDKROOT = iphoneos;
				SWIFT_COMPILATION_MODE = wholemodule;
				SWIFT_OPTIMIZATION_LEVEL = "-O";
				VALIDATE_PRODUCT = YES;
			};
			name = Release;
		};
		3B396D0F28B9568E00A99EB6 /* Debug */ = {
			isa = XCBuildConfiguration;
			buildSettings = {
				ASSETCATALOG_COMPILER_APPICON_NAME = AppIcon;
				ASSETCATALOG_COMPILER_GLOBAL_ACCENT_COLOR_NAME = AccentColor;
				CODE_SIGN_STYLE = Automatic;
				CURRENT_PROJECT_VERSION = 1;
				DEVELOPMENT_TEAM = TNR6JFCU34;
				GENERATE_INFOPLIST_FILE = YES;
				INFOPLIST_FILE = RickAndMortyUIKit/Info.plist;
				INFOPLIST_KEY_UIApplicationSupportsIndirectInputEvents = YES;
				INFOPLIST_KEY_UILaunchStoryboardName = LaunchScreen;
				INFOPLIST_KEY_UIMainStoryboardFile = "";
				INFOPLIST_KEY_UIRequiresFullScreen = NO;
				INFOPLIST_KEY_UISupportedInterfaceOrientations_iPad = "UIInterfaceOrientationPortrait UIInterfaceOrientationPortraitUpsideDown UIInterfaceOrientationLandscapeLeft UIInterfaceOrientationLandscapeRight";
				INFOPLIST_KEY_UISupportedInterfaceOrientations_iPhone = "UIInterfaceOrientationPortrait UIInterfaceOrientationLandscapeLeft UIInterfaceOrientationLandscapeRight";
				IPHONEOS_DEPLOYMENT_TARGET = 13.0;
				LD_RUNPATH_SEARCH_PATHS = (
					"$(inherited)",
					"@executable_path/Frameworks",
				);
				MARKETING_VERSION = 1.0;
				PRODUCT_BUNDLE_IDENTIFIER = com.sixfivesoftware.RickAndMortyUIKit;
				PRODUCT_NAME = "$(TARGET_NAME)";
				SUPPORTED_PLATFORMS = "iphoneos iphonesimulator";
				SUPPORTS_MACCATALYST = NO;
				SUPPORTS_MAC_DESIGNED_FOR_IPHONE_IPAD = NO;
				SWIFT_EMIT_LOC_STRINGS = YES;
				SWIFT_VERSION = 5.0;
				TARGETED_DEVICE_FAMILY = "1,2";
			};
			name = Debug;
		};
		3B396D1028B9568E00A99EB6 /* Release */ = {
			isa = XCBuildConfiguration;
			buildSettings = {
				ASSETCATALOG_COMPILER_APPICON_NAME = AppIcon;
				ASSETCATALOG_COMPILER_GLOBAL_ACCENT_COLOR_NAME = AccentColor;
				CODE_SIGN_STYLE = Automatic;
				CURRENT_PROJECT_VERSION = 1;
				DEVELOPMENT_TEAM = TNR6JFCU34;
				GENERATE_INFOPLIST_FILE = YES;
				INFOPLIST_FILE = RickAndMortyUIKit/Info.plist;
				INFOPLIST_KEY_UIApplicationSupportsIndirectInputEvents = YES;
				INFOPLIST_KEY_UILaunchStoryboardName = LaunchScreen;
				INFOPLIST_KEY_UIMainStoryboardFile = "";
				INFOPLIST_KEY_UIRequiresFullScreen = NO;
				INFOPLIST_KEY_UISupportedInterfaceOrientations_iPad = "UIInterfaceOrientationPortrait UIInterfaceOrientationPortraitUpsideDown UIInterfaceOrientationLandscapeLeft UIInterfaceOrientationLandscapeRight";
				INFOPLIST_KEY_UISupportedInterfaceOrientations_iPhone = "UIInterfaceOrientationPortrait UIInterfaceOrientationLandscapeLeft UIInterfaceOrientationLandscapeRight";
				IPHONEOS_DEPLOYMENT_TARGET = 13.0;
				LD_RUNPATH_SEARCH_PATHS = (
					"$(inherited)",
					"@executable_path/Frameworks",
				);
				MARKETING_VERSION = 1.0;
				PRODUCT_BUNDLE_IDENTIFIER = com.sixfivesoftware.RickAndMortyUIKit;
				PRODUCT_NAME = "$(TARGET_NAME)";
				SUPPORTED_PLATFORMS = "iphoneos iphonesimulator";
				SUPPORTS_MACCATALYST = NO;
				SUPPORTS_MAC_DESIGNED_FOR_IPHONE_IPAD = NO;
				SWIFT_EMIT_LOC_STRINGS = YES;
				SWIFT_VERSION = 5.0;
				TARGETED_DEVICE_FAMILY = "1,2";
			};
			name = Release;
		};
		3B396D1228B9568E00A99EB6 /* Debug */ = {
			isa = XCBuildConfiguration;
			buildSettings = {
				ALWAYS_EMBED_SWIFT_STANDARD_LIBRARIES = YES;
				BUNDLE_LOADER = "$(TEST_HOST)";
				CODE_SIGN_STYLE = Automatic;
				CURRENT_PROJECT_VERSION = 1;
				DEVELOPMENT_TEAM = TNR6JFCU34;
				GENERATE_INFOPLIST_FILE = YES;
				IPHONEOS_DEPLOYMENT_TARGET = 15.5;
				MARKETING_VERSION = 1.0;
				PRODUCT_BUNDLE_IDENTIFIER = com.sixfivesoftware.RickAndMortyUIKitTests;
				PRODUCT_NAME = "$(TARGET_NAME)";
				SWIFT_EMIT_LOC_STRINGS = NO;
				SWIFT_VERSION = 5.0;
				TARGETED_DEVICE_FAMILY = "1,2";
				TEST_HOST = "$(BUILT_PRODUCTS_DIR)/RickAndMortyUIKit.app/RickAndMortyUIKit";
			};
			name = Debug;
		};
		3B396D1328B9568E00A99EB6 /* Release */ = {
			isa = XCBuildConfiguration;
			buildSettings = {
				ALWAYS_EMBED_SWIFT_STANDARD_LIBRARIES = YES;
				BUNDLE_LOADER = "$(TEST_HOST)";
				CODE_SIGN_STYLE = Automatic;
				CURRENT_PROJECT_VERSION = 1;
				DEVELOPMENT_TEAM = TNR6JFCU34;
				GENERATE_INFOPLIST_FILE = YES;
				IPHONEOS_DEPLOYMENT_TARGET = 15.5;
				MARKETING_VERSION = 1.0;
				PRODUCT_BUNDLE_IDENTIFIER = com.sixfivesoftware.RickAndMortyUIKitTests;
				PRODUCT_NAME = "$(TARGET_NAME)";
				SWIFT_EMIT_LOC_STRINGS = NO;
				SWIFT_VERSION = 5.0;
				TARGETED_DEVICE_FAMILY = "1,2";
				TEST_HOST = "$(BUILT_PRODUCTS_DIR)/RickAndMortyUIKit.app/RickAndMortyUIKit";
			};
			name = Release;
		};
		3B396D1528B9568E00A99EB6 /* Debug */ = {
			isa = XCBuildConfiguration;
			buildSettings = {
				ALWAYS_EMBED_SWIFT_STANDARD_LIBRARIES = YES;
				CODE_SIGN_STYLE = Automatic;
				CURRENT_PROJECT_VERSION = 1;
				DEVELOPMENT_TEAM = TNR6JFCU34;
				GENERATE_INFOPLIST_FILE = YES;
				MARKETING_VERSION = 1.0;
				PRODUCT_BUNDLE_IDENTIFIER = com.sixfivesoftware.RickAndMortyUIKitUITests;
				PRODUCT_NAME = "$(TARGET_NAME)";
				SWIFT_EMIT_LOC_STRINGS = NO;
				SWIFT_VERSION = 5.0;
				TARGETED_DEVICE_FAMILY = "1,2";
				TEST_TARGET_NAME = RickAndMortyUIKit;
			};
			name = Debug;
		};
		3B396D1628B9568E00A99EB6 /* Release */ = {
			isa = XCBuildConfiguration;
			buildSettings = {
				ALWAYS_EMBED_SWIFT_STANDARD_LIBRARIES = YES;
				CODE_SIGN_STYLE = Automatic;
				CURRENT_PROJECT_VERSION = 1;
				DEVELOPMENT_TEAM = TNR6JFCU34;
				GENERATE_INFOPLIST_FILE = YES;
				MARKETING_VERSION = 1.0;
				PRODUCT_BUNDLE_IDENTIFIER = com.sixfivesoftware.RickAndMortyUIKitUITests;
				PRODUCT_NAME = "$(TARGET_NAME)";
				SWIFT_EMIT_LOC_STRINGS = NO;
				SWIFT_VERSION = 5.0;
				TARGETED_DEVICE_FAMILY = "1,2";
				TEST_TARGET_NAME = RickAndMortyUIKit;
			};
			name = Release;
		};
/* End XCBuildConfiguration section */

/* Begin XCConfigurationList section */
		3B396CDF28B9568D00A99EB6 /* Build configuration list for PBXProject "RickAndMortyUIKit" */ = {
			isa = XCConfigurationList;
			buildConfigurations = (
				3B396D0C28B9568E00A99EB6 /* Debug */,
				3B396D0D28B9568E00A99EB6 /* Release */,
			);
			defaultConfigurationIsVisible = 0;
			defaultConfigurationName = Release;
		};
		3B396D0E28B9568E00A99EB6 /* Build configuration list for PBXNativeTarget "RickAndMortyUIKit" */ = {
			isa = XCConfigurationList;
			buildConfigurations = (
				3B396D0F28B9568E00A99EB6 /* Debug */,
				3B396D1028B9568E00A99EB6 /* Release */,
			);
			defaultConfigurationIsVisible = 0;
			defaultConfigurationName = Release;
		};
		3B396D1128B9568E00A99EB6 /* Build configuration list for PBXNativeTarget "RickAndMortyUIKitTests" */ = {
			isa = XCConfigurationList;
			buildConfigurations = (
				3B396D1228B9568E00A99EB6 /* Debug */,
				3B396D1328B9568E00A99EB6 /* Release */,
			);
			defaultConfigurationIsVisible = 0;
			defaultConfigurationName = Release;
		};
		3B396D1428B9568E00A99EB6 /* Build configuration list for PBXNativeTarget "RickAndMortyUIKitUITests" */ = {
			isa = XCConfigurationList;
			buildConfigurations = (
				3B396D1528B9568E00A99EB6 /* Debug */,
				3B396D1628B9568E00A99EB6 /* Release */,
			);
			defaultConfigurationIsVisible = 0;
			defaultConfigurationName = Release;
		};
/* End XCConfigurationList section */

/* Begin XCRemoteSwiftPackageReference section */
		3BA7049529071D6900B88E03 /* XCRemoteSwiftPackageReference "SnapKit" */ = {
			isa = XCRemoteSwiftPackageReference;
			repositoryURL = "https://github.com/SnapKit/SnapKit.git";
			requirement = {
				kind = upToNextMajorVersion;
				minimumVersion = 5.0.0;
			};
		};
/* End XCRemoteSwiftPackageReference section */

/* Begin XCSwiftPackageProductDependency section */
		3BA7049629071D6900B88E03 /* SnapKit */ = {
			isa = XCSwiftPackageProductDependency;
			package = 3BA7049529071D6900B88E03 /* XCRemoteSwiftPackageReference "SnapKit" */;
			productName = SnapKit;
		};
/* End XCSwiftPackageProductDependency section */
	};
	rootObject = 3B396CDC28B9568D00A99EB6 /* Project object */;
}
